{
  "originHash" : "b034cc1886749b300e2184acad2b5f7d5b14b1a02bff7556606c602b6186ef3e",
  "pins" : [
    {
      "identity" : "iso3166-swift",
      "kind" : "remoteSourceControl",
      "location" : "https://github.com/giant-stone/iso3166-swift",
      "state" : {
        "revision" : "2e621a621d13a6b46ec2b01c8473bd5c2ddeaa62",
        "version" : "2026.3.1"
      }
    },
    {
      "identity" : "swift-asn1",
      "kind" : "remoteSourceControl",
      "location" : "https://github.com/apple/swift-asn1.git",
      "state" : {
        "revision" : "810496cf121e525d660cd0ea89a758740476b85f",
        "version" : "1.5.1"
      }
    },
    {
      "identity" : "swift-crypto",
      "kind" : "remoteSourceControl",
      "location" : "https://github.com/apple/swift-crypto.git",
      "state" : {
        "revision" : "476538ccb827f2dd18efc5de754cc87d77127a47",
        "version" : "4.4.0"
      }
    }
  ],
  "version" : 3
}
