{
  "originHash" : "ca77d9a663f5c9c63e5bc9fcbdaa8e51037f85f6b6df18f13183aad7397f1119",
  "pins" : [
    {
      "identity" : "iso3166-swift",
      "kind" : "remoteSourceControl",
      "location" : "https://github.com/giant-stone/iso3166-swift",
      "state" : {
        "revision" : "2e621a621d13a6b46ec2b01c8473bd5c2ddeaa62",
        "version" : "2026.3.1"
      }
    },
    {
      "identity" : "swift-asn1",
      "kind" : "remoteSourceControl",
      "location" : "https://github.com/apple/swift-asn1.git",
      "state" : {
        "revision" : "810496cf121e525d660cd0ea89a758740476b85f",
        "version" : "1.5.1"
      }
    },
    {
      "identity" : "swift-crypto",
      "kind" : "remoteSourceControl",
      "location" : "https://github.com/apple/swift-crypto.git",
      "state" : {
        "revision" : "6f70fa9eab24c1fd982af18c281c4525d05e3095",
        "version" : "4.2.0"
      }
    }
  ],
  "version" : 3
}
